
Microsoft Visual Studio Solution File, Format Version 12.00
# Visual Studio Version 16
VisualStudioVersion = 16.0.31424.327
MinimumVisualStudioVersion = 10.0.40219.1
Project("{FAE04EC0-301F-11D3-BF4B-00C04F79EFBC}") = "P01_StudentSystem", "P01_StudentSystem\P01_StudentSystem.csproj", "{73E0420D-C508-4F82-8341-DFFFA9C17359}"
EndProject
Global
	GlobalSection(SolutionConfigurationPlatforms) = preSolution
		Debug|Any CPU = Debug|Any CPU
		Release|Any CPU = Release|Any CPU
	EndGlobalSection
	GlobalSection(ProjectConfigurationPlatforms) = postSolution
		{73E0420D-C508-4F82-8341-DFFFA9C17359}.Debug|Any CPU.ActiveCfg = Debug|Any CPU
		{73E0420D-C508-4F82-8341-DFFFA9C17359}.Debug|Any CPU.Build.0 = Debug|Any CPU
		{73E0420D-C508-4F82-8341-DFFFA9C17359}.Release|Any CPU.ActiveCfg = Release|Any CPU
		{73E0420D-C508-4F82-8341-DFFFA9C17359}.Release|Any CPU.Build.0 = Release|Any CPU
	EndGlobalSection
	GlobalSection(SolutionProperties) = preSolution
		HideSolutionNode = FALSE
	EndGlobalSection
	GlobalSection(ExtensibilityGlobals) = postSolution
		SolutionGuid = {58C2730E-49A8-4D8E-9F64-FA5F6458990B}
	EndGlobalSection
EndGlobal
